{
  "version": 4,
  "terraform_version": "1.16.1",
  "serial": 12,
  "lineage": "a483a981-4775-4c74-c770-0f3c67bc351b",
  "outputs": {},
  "resources": [
    {
      "mode": "managed",
      "type": "postgresql_database",
      "name": "auth_db",
      "provider": "provider[\"registry.terraform.io/cyrilgdn/postgresql\"]",
      "instances": [
        {
          "schema_version": 0,
          "attributes": {
            "allow_connections": true,
            "connection_limit": -1,
            "encoding": "UTF8",
            "id": "auth_db",
            "is_template": false,
            "lc_collate": "en_US.utf8",
            "lc_ctype": "en_US.utf8",
            "name": "auth_db",
            "owner": "postgres",
            "tablespace_name": "pg_default",
            "template": "template0"
          },
          "sensitive_attributes": [],
          "identity_schema_version": 0,
          "private": "bnVsbA=="
        }
      ]
    },
    {
      "mode": "managed",
      "type": "postgresql_database",
      "name": "inventory_db",
      "provider": "provider[\"registry.terraform.io/cyrilgdn/postgresql\"]",
      "instances": [
        {
          "schema_version": 0,
          "attributes": {
            "allow_connections": true,
            "connection_limit": -1,
            "encoding": "UTF8",
            "id": "inventory_db",
            "is_template": false,
            "lc_collate": "en_US.utf8",
            "lc_ctype": "en_US.utf8",
            "name": "inventory_db",
            "owner": "postgres",
            "tablespace_name": "pg_default",
            "template": "template0"
          },
          "sensitive_attributes": [],
          "identity_schema_version": 0,
          "private": "bnVsbA=="
        }
      ]
    },
    {
      "mode": "managed",
      "type": "postgresql_database",
      "name": "order_db",
      "provider": "provider[\"registry.terraform.io/cyrilgdn/postgresql\"]",
      "instances": [
        {
          "schema_version": 0,
          "attributes": {
            "allow_connections": true,
            "connection_limit": -1,
            "encoding": "UTF8",
            "id": "order_db",
            "is_template": false,
            "lc_collate": "en_US.utf8",
            "lc_ctype": "en_US.utf8",
            "name": "order_db",
            "owner": "postgres",
            "tablespace_name": "pg_default",
            "template": "template0"
          },
          "sensitive_attributes": [],
          "identity_schema_version": 0,
          "private": "bnVsbA=="
        }
      ]
    },
    {
      "mode": "managed",
      "type": "rabbitmq_binding",
      "name": "bind_inventory",
      "provider": "provider[\"registry.terraform.io/cyrilgdn/rabbitmq\"]",
      "instances": [
        {
          "schema_version": 0,
          "attributes": {
            "arguments": null,
            "arguments_json": null,
            "destination": "inventory.order-created.queue",
            "destination_type": "queue",
            "id": "%2F/order.events/inventory.order-created.queue/queue/order.created",
            "properties_key": "order.created",
            "routing_key": "order.created",
            "source": "order.events",
            "vhost": "/"
          },
          "sensitive_attributes": [],
          "identity_schema_version": 0,
          "private": "bnVsbA==",
          "dependencies": [
            "rabbitmq_exchange.order_events_exchange",
            "rabbitmq_queue.inventory_order_created_queue"
          ]
        }
      ]
    },
    {
      "mode": "managed",
      "type": "rabbitmq_binding",
      "name": "bind_notification",
      "provider": "provider[\"registry.terraform.io/cyrilgdn/rabbitmq\"]",
      "instances": [
        {
          "schema_version": 0,
          "attributes": {
            "arguments": null,
            "arguments_json": null,
            "destination": "notification.order-status.queue",
            "destination_type": "queue",
            "id": "%2F/order.events/notification.order-status.queue/queue/order.%23",
            "properties_key": "order.%23",
            "routing_key": "order.#",
            "source": "order.events",
            "vhost": "/"
          },
          "sensitive_attributes": [],
          "identity_schema_version": 0,
          "private": "bnVsbA==",
          "dependencies": [
            "rabbitmq_exchange.order_events_exchange",
            "rabbitmq_queue.notification_order_status_queue"
          ]
        }
      ]
    },
    {
      "mode": "managed",
      "type": "rabbitmq_binding",
      "name": "bind_payment",
      "provider": "provider[\"registry.terraform.io/cyrilgdn/rabbitmq\"]",
      "instances": [
        {
          "schema_version": 0,
          "attributes": {
            "arguments": null,
            "arguments_json": null,
            "destination": "payment.order-created.queue",
            "destination_type": "queue",
            "id": "%2F/order.events/payment.order-created.queue/queue/order.created",
            "properties_key": "order.created",
            "routing_key": "order.created",
            "source": "order.events",
            "vhost": "/"
          },
          "sensitive_attributes": [],
          "identity_schema_version": 0,
          "private": "bnVsbA==",
          "dependencies": [
            "rabbitmq_exchange.order_events_exchange",
            "rabbitmq_queue.payment_order_created_queue"
          ]
        }
      ]
    },
    {
      "mode": "managed",
      "type": "rabbitmq_exchange",
      "name": "order_events_exchange",
      "provider": "provider[\"registry.terraform.io/cyrilgdn/rabbitmq\"]",
      "instances": [
        {
          "schema_version": 0,
          "attributes": {
            "id": "order.events@/",
            "name": "order.events",
            "settings": [
              {
                "arguments": null,
                "auto_delete": false,
                "durable": true,
                "type": "topic"
              }
            ],
            "vhost": "/"
          },
          "sensitive_attributes": [],
          "identity_schema_version": 0,
          "private": "bnVsbA=="
        }
      ]
    },
    {
      "mode": "managed",
      "type": "rabbitmq_queue",
      "name": "inventory_order_created_queue",
      "provider": "provider[\"registry.terraform.io/cyrilgdn/rabbitmq\"]",
      "instances": [
        {
          "schema_version": 0,
          "attributes": {
            "id": "inventory.order-created.queue@/",
            "name": "inventory.order-created.queue",
            "settings": [
              {
                "arguments": null,
                "arguments_json": "",
                "auto_delete": false,
                "durable": true
              }
            ],
            "vhost": "/"
          },
          "sensitive_attributes": [],
          "identity_schema_version": 0,
          "private": "bnVsbA=="
        }
      ]
    },
    {
      "mode": "managed",
      "type": "rabbitmq_queue",
      "name": "notification_order_status_queue",
      "provider": "provider[\"registry.terraform.io/cyrilgdn/rabbitmq\"]",
      "instances": [
        {
          "schema_version": 0,
          "attributes": {
            "id": "notification.order-status.queue@/",
            "name": "notification.order-status.queue",
            "settings": [
              {
                "arguments": null,
                "arguments_json": "",
                "auto_delete": false,
                "durable": true
              }
            ],
            "vhost": "/"
          },
          "sensitive_attributes": [],
          "identity_schema_version": 0,
          "private": "bnVsbA=="
        }
      ]
    },
    {
      "mode": "managed",
      "type": "rabbitmq_queue",
      "name": "payment_order_created_queue",
      "provider": "provider[\"registry.terraform.io/cyrilgdn/rabbitmq\"]",
      "instances": [
        {
          "schema_version": 0,
          "attributes": {
            "id": "payment.order-created.queue@/",
            "name": "payment.order-created.queue",
            "settings": [
              {
                "arguments": null,
                "arguments_json": "",
                "auto_delete": false,
                "durable": true
              }
            ],
            "vhost": "/"
          },
          "sensitive_attributes": [],
          "identity_schema_version": 0,
          "private": "bnVsbA=="
        }
      ]
    }
  ],
  "check_results": null
}
